<?xml version="1.0" encoding="utf-8"?>
<Project ToolsVersion="4.0" xmlns="http://schemas.microsoft.com/developer/msbuild/2003">
  <ItemGroup>
    <Filter Include="Assets">
      <UniqueIdentifier>313319a5-d787-4f5c-9449-00bebc68fa23</UniqueIdentifier>
      <Extensions>ico;cur;bmp;dds;dlg;fbx;rct;bin;rgs;gif;jpg;jpeg;jpe;resx;tga;tiff;tif;png;wav;mfcribbon-ms</Extensions>
    </Filter>
    <Filter Include="src">
      <UniqueIdentifier>{fe4eba74-9bd8-4185-a9fc-15154421117a}</UniqueIdentifier>
    </Filter>
    <Filter Include="src\Game">
      <UniqueIdentifier>{51fe6350-d0be-4547-bb89-c32ec1234bb2}</UniqueIdentifier>
    </Filter>
    <Filter Include="src\Scene">
      <UniqueIdentifier>{cd59e864-d00e-4f4a-84d5-ebaa3037322a}</UniqueIdentifier>
    </Filter>
    <Filter Include="src\UI">
      <UniqueIdentifier>{c30adfc0-0d03-4e8a-8467-22ae4e4a3ff6}</UniqueIdentifier>
    </Filter>
    <Filter Include="src\System">
      <UniqueIdentifier>{9fdc3e75-7c7f-412f-9c14-f70cbfbaca67}</UniqueIdentifier>
    </Filter>
    <Filter Include="src\Math">
      <UniqueIdentifier>{f310f236-fb7d-444c-b75a-092aa0c5d21a}</UniqueIdentifier>
    </Filter>
    <Filter Include="src\Game\Character">
      <UniqueIdentifier>{20a2cafc-a3af-43f3-86fc-a910b8e8d09a}</UniqueIdentifier>
    </Filter>
    <Filter Include="src\Utility">
      <UniqueIdentifier>{fae640e3-67d8-4b72-bc2b-51f233756a35}</UniqueIdentifier>
    </Filter>
  </ItemGroup>
  <ItemGroup>
    <ResourceCompile Include="resource.rc" />
  </ItemGroup>
  <ItemGroup>
    <Image Include="directx.ico">
      <Filter>Assets</Filter>
    </Image>
  </ItemGroup>
  <ItemGroup>
    <Manifest Include="settings.manifest">
      <Filter>Assets</Filter>
    </Manifest>
  </ItemGroup>
  <ItemGroup>
    <ClCompile Include="src\Main.cpp">
      <Filter>src</Filter>
    </ClCompile>
    <ClCompile Include="src\Scene\GameScene.cpp">
      <Filter>src\Scene</Filter>
    </ClCompile>
    <ClCompile Include="src\Utility\Random.cpp">
      <Filter>src\Utility</Filter>
    </ClCompile>
    <ClCompile Include="src\Game\Character\Player.cpp">
      <Filter>src\Game\Character</Filter>
    </ClCompile>
    <ClCompile Include="src\Game\Character\Enemy.cpp">
      <Filter>src\Game\Character</Filter>
    </ClCompile>
    <ClCompile Include="src\Game\BulletObject.cpp">
      <Filter>src\Game</Filter>
    </ClCompile>
    <ClCompile Include="src\Game\Item.cpp">
      <Filter>src\Game</Filter>
    </ClCompile>
  </ItemGroup>
  <ItemGroup>
    <ClInclude Include="src\Game\IEntity.h">
      <Filter>src\Game</Filter>
    </ClInclude>
    <ClInclude Include="src\Scene\GameScene.h">
      <Filter>src\Scene</Filter>
    </ClInclude>
    <ClInclude Include="src\System\Equipment.h">
      <Filter>src\System</Filter>
    </ClInclude>
    <ClInclude Include="src\Game\Character\ICharacter.h">
      <Filter>src\Game\Character</Filter>
    </ClInclude>
    <ClInclude Include="src\Utility\Random.h">
      <Filter>src\Utility</Filter>
    </ClInclude>
    <ClInclude Include="src\Game\Character\Player.h">
      <Filter>src\Game\Character</Filter>
    </ClInclude>
    <ClInclude Include="src\Game\Character\Enemy.h">
      <Filter>src\Game\Character</Filter>
    </ClInclude>
    <ClInclude Include="src\Game\BulletObject.h">
      <Filter>src\Game</Filter>
    </ClInclude>
    <ClInclude Include="src\Game\Item.h">
      <Filter>src\Game</Filter>
    </ClInclude>
  </ItemGroup>
  <ItemGroup>
    <None Include="src\Utility\Random.inl">
      <Filter>src\Utility</Filter>
    </None>
  </ItemGroup>
</Project>